
Microsoft Visual Studio Solution File, Format Version 12.00
# Visual Studio Version 16
VisualStudioVersion = 16.0.30907.101
MinimumVisualStudioVersion = 10.0.40219.1
Project("{FAE04EC0-301F-11D3-BF4B-00C04F79EFBC}") = "BattleRoyale", "BattleRoyale\BattleRoyale.csproj", "{049A214B-F5D1-4CB3-B875-D5F0EF1CAC01}"
EndProject
Global
	GlobalSection(SolutionConfigurationPlatforms) = preSolution
		Debug|Any CPU = Debug|Any CPU
		Release|Any CPU = Release|Any CPU
	EndGlobalSection
	GlobalSection(ProjectConfigurationPlatforms) = postSolution
		{049A214B-F5D1-4CB3-B875-D5F0EF1CAC01}.Debug|Any CPU.ActiveCfg = Debug|Any CPU
		{049A214B-F5D1-4CB3-B875-D5F0EF1CAC01}.Debug|Any CPU.Build.0 = Debug|Any CPU
		{049A214B-F5D1-4CB3-B875-D5F0EF1CAC01}.Release|Any CPU.ActiveCfg = Release|Any CPU
		{049A214B-F5D1-4CB3-B875-D5F0EF1CAC01}.Release|Any CPU.Build.0 = Release|Any CPU
	EndGlobalSection
	GlobalSection(SolutionProperties) = preSolution
		HideSolutionNode = FALSE
	EndGlobalSection
	GlobalSection(ExtensibilityGlobals) = postSolution
		SolutionGuid = {48DE932C-FDB9-4102-94E1-F0014E0CBD02}
	EndGlobalSection
EndGlobal
